// !$*UTF8*$!
{
	archiveVersion = 1;
	classes = {
	};
	objectVersion = 46;
	objects = {

/* Begin PBXBuildFile section */
		F646A54018D0289000414A27 /* argFlags.cpp in Sources */ = {isa = PBXBuildFile; fileRef = F646A53818D0289000414A27 /* argFlags.cpp */; };
		F646A54118D0289000414A27 /* cmUpdate.cpp in Sources */ = {isa = PBXBuildFile; fileRef = F646A53A18D0289000414A27 /* cmUpdate.cpp */; };
		F646A54218D0289000414A27 /* main.cpp in Sources */ = {isa = PBXBuildFile; fileRef = F646A53C18D0289000414A27 /* main.cpp */; };
		F646A54318D0289000414A27 /* parseArguments.cpp in Sources */ = {isa = PBXBuildFile; fileRef = F646A53D18D0289000414A27 /* parseArguments.cpp */; };
		F687FD4418D3534D00390D5A /* downloadTest.cpp in Sources */ = {isa = PBXBuildFile; fileRef = F687FD4318D3534D00390D5A /* downloadTest.cpp */; };
		F687FD4518D3565C00390D5A /* libcurl.dylib in Frameworks */ = {isa = PBXBuildFile; fileRef = F6B53B5218D0B2AC007E0C92 /* libcurl.dylib */; };
		F687FD4618D3567600390D5A /* downloadFile.cpp in Sources */ = {isa = PBXBuildFile; fileRef = F6E1D3BE18D163C300512612 /* downloadFile.cpp */; };
		F6B53B5318D0B2AC007E0C92 /* libcurl.dylib in Frameworks */ = {isa = PBXBuildFile; fileRef = F6B53B5218D0B2AC007E0C92 /* libcurl.dylib */; };
		F6E1D3BF18D163C300512612 /* downloadFile.cpp in Sources */ = {isa = PBXBuildFile; fileRef = F6E1D3BE18D163C300512612 /* downloadFile.cpp */; };
/* End PBXBuildFile section */

/* Begin PBXCopyFilesBuildPhase section */
		F646A51A18D0266200414A27 /* CopyFiles */ = {
			isa = PBXCopyFilesBuildPhase;
			buildActionMask = 2147483647;
			dstPath = /usr/share/man/man1/;
			dstSubfolderSpec = 0;
			files = (
			);
			runOnlyForDeploymentPostprocessing = 1;
		};
		F687FD3718D3531900390D5A /* CopyFiles */ = {
			isa = PBXCopyFilesBuildPhase;
			buildActionMask = 2147483647;
			dstPath = /usr/share/man/man1/;
			dstSubfolderSpec = 0;
			files = (
			);
			runOnlyForDeploymentPostprocessing = 1;
		};
/* End PBXCopyFilesBuildPhase section */

/* Begin PBXFileReference section */
		F646A51C18D0266200414A27 /* downloadCM */ = {isa = PBXFileReference; explicitFileType = "compiled.mach-o.executable"; includeInIndex = 0; path = downloadCM; sourceTree = BUILT_PRODUCTS_DIR; };
		F646A53818D0289000414A27 /* argFlags.cpp */ = {isa = PBXFileReference; fileEncoding = 4; lastKnownFileType = sourcecode.cpp.cpp; path = argFlags.cpp; sourceTree = "<group>"; };
		F646A53918D0289000414A27 /* argFlags.h */ = {isa = PBXFileReference; fileEncoding = 4; lastKnownFileType = sourcecode.c.h; path = argFlags.h; sourceTree = "<group>"; };
		F646A53A18D0289000414A27 /* cmUpdate.cpp */ = {isa = PBXFileReference; fileEncoding = 4; lastKnownFileType = sourcecode.cpp.cpp; path = cmUpdate.cpp; sourceTree = "<group>"; };
		F646A53B18D0289000414A27 /* cmUpdate.h */ = {isa = PBXFileReference; fileEncoding = 4; lastKnownFileType = sourcecode.c.h; path = cmUpdate.h; sourceTree = "<group>"; };
		F646A53C18D0289000414A27 /* main.cpp */ = {isa = PBXFileReference; fileEncoding = 4; lastKnownFileType = sourcecode.cpp.cpp; path = main.cpp; sourceTree = "<group>"; };
		F646A53D18D0289000414A27 /* parseArguments.cpp */ = {isa = PBXFileReference; fileEncoding = 4; lastKnownFileType = sourcecode.cpp.cpp; path = parseArguments.cpp; sourceTree = "<group>"; };
		F646A53E18D0289000414A27 /* parseArguments.h */ = {isa = PBXFileReference; fileEncoding = 4; lastKnownFileType = sourcecode.c.h; path = parseArguments.h; sourceTree = "<group>"; };
		F646A53F18D0289000414A27 /* README.md */ = {isa = PBXFileReference; fileEncoding = 4; lastKnownFileType = text; path = README.md; sourceTree = "<group>"; };
		F646A54518D0297C00414A27 /* main.h */ = {isa = PBXFileReference; fileEncoding = 4; lastKnownFileType = sourcecode.c.h; path = main.h; sourceTree = "<group>"; };
		F687FD3918D3531900390D5A /* downloadTest */ = {isa = PBXFileReference; explicitFileType = "compiled.mach-o.executable"; includeInIndex = 0; path = downloadTest; sourceTree = BUILT_PRODUCTS_DIR; };
		F687FD4318D3534D00390D5A /* downloadTest.cpp */ = {isa = PBXFileReference; fileEncoding = 4; lastKnownFileType = sourcecode.cpp.cpp; name = downloadTest.cpp; path = downloadTest/downloadTest.cpp; sourceTree = SOURCE_ROOT; };
		F6B53B5218D0B2AC007E0C92 /* libcurl.dylib */ = {isa = PBXFileReference; lastKnownFileType = "compiled.mach-o.dylib"; name = libcurl.dylib; path = usr/lib/libcurl.dylib; sourceTree = SDKROOT; };
		F6E1D3BE18D163C300512612 /* downloadFile.cpp */ = {isa = PBXFileReference; fileEncoding = 4; lastKnownFileType = sourcecode.cpp.cpp; path = downloadFile.cpp; sourceTree = "<group>"; };
		F6E1D3C018D163D500512612 /* downloadFile.h */ = {isa = PBXFileReference; fileEncoding = 4; lastKnownFileType = sourcecode.c.h; path = downloadFile.h; sourceTree = "<group>"; };
/* End PBXFileReference section */

/* Begin PBXFrameworksBuildPhase section */
		F646A51918D0266200414A27 /* Frameworks */ = {
			isa = PBXFrameworksBuildPhase;
			buildActionMask = 2147483647;
			files = (
				F6B53B5318D0B2AC007E0C92 /* libcurl.dylib in Frameworks */,
			);
			runOnlyForDeploymentPostprocessing = 0;
		};
		F687FD3618D3531900390D5A /* Frameworks */ = {
			isa = PBXFrameworksBuildPhase;
			buildActionMask = 2147483647;
			files = (
				F687FD4518D3565C00390D5A /* libcurl.dylib in Frameworks */,
			);
			runOnlyForDeploymentPostprocessing = 0;
		};
/* End PBXFrameworksBuildPhase section */

/* Begin PBXGroup section */
		F646A51318D0266200414A27 = {
			isa = PBXGroup;
			children = (
				F6B53B5218D0B2AC007E0C92 /* libcurl.dylib */,
				F646A51E18D0266200414A27 /* downloadCM */,
				F687FD3A18D3531900390D5A /* downloadTest */,
				F646A51D18D0266200414A27 /* Products */,
			);
			sourceTree = "<group>";
		};
		F646A51D18D0266200414A27 /* Products */ = {
			isa = PBXGroup;
			children = (
				F646A51C18D0266200414A27 /* downloadCM */,
				F687FD3918D3531900390D5A /* downloadTest */,
			);
			name = Products;
			sourceTree = "<group>";
		};
		F646A51E18D0266200414A27 /* downloadCM */ = {
			isa = PBXGroup;
			children = (
				F646A54418D028B400414A27 /* Source Code */,
				F646A53418D027A000414A27 /* Documentation */,
			);
			path = downloadCM;
			sourceTree = "<group>";
		};
		F646A53418D027A000414A27 /* Documentation */ = {
			isa = PBXGroup;
			children = (
				F646A53F18D0289000414A27 /* README.md */,
			);
			name = Documentation;
			sourceTree = "<group>";
		};
		F646A54418D028B400414A27 /* Source Code */ = {
			isa = PBXGroup;
			children = (
				F6E1D3C018D163D500512612 /* downloadFile.h */,
				F6E1D3BE18D163C300512612 /* downloadFile.cpp */,
				F646A53818D0289000414A27 /* argFlags.cpp */,
				F646A53918D0289000414A27 /* argFlags.h */,
				F646A53A18D0289000414A27 /* cmUpdate.cpp */,
				F646A53B18D0289000414A27 /* cmUpdate.h */,
				F646A53C18D0289000414A27 /* main.cpp */,
				F646A54518D0297C00414A27 /* main.h */,
				F646A53D18D0289000414A27 /* parseArguments.cpp */,
				F646A53E18D0289000414A27 /* parseArguments.h */,
			);
			name = "Source Code";
			sourceTree = "<group>";
		};
		F687FD3A18D3531900390D5A /* downloadTest */ = {
			isa = PBXGroup;
			children = (
				F687FD4318D3534D00390D5A /* downloadTest.cpp */,
			);
			path = downloadTest;
			sourceTree = "<group>";
		};
/* End PBXGroup section */

/* Begin PBXNativeTarget section */
		F646A51B18D0266200414A27 /* downloadCM */ = {
			isa = PBXNativeTarget;
			buildConfigurationList = F646A52518D0266200414A27 /* Build configuration list for PBXNativeTarget "downloadCM" */;
			buildPhases = (
				F646A51818D0266200414A27 /* Sources */,
				F646A51918D0266200414A27 /* Frameworks */,
				F646A51A18D0266200414A27 /* CopyFiles */,
			);
			buildRules = (
			);
			dependencies = (
			);
			name = downloadCM;
			productName = downloadCM;
			productReference = F646A51C18D0266200414A27 /* downloadCM */;
			productType = "com.apple.product-type.tool";
		};
		F687FD3818D3531900390D5A /* downloadTest */ = {
			isa = PBXNativeTarget;
			buildConfigurationList = F687FD4118D3531A00390D5A /* Build configuration list for PBXNativeTarget "downloadTest" */;
			buildPhases = (
				F687FD3518D3531900390D5A /* Sources */,
				F687FD3618D3531900390D5A /* Frameworks */,
				F687FD3718D3531900390D5A /* CopyFiles */,
			);
			buildRules = (
			);
			dependencies = (
			);
			name = downloadTest;
			productName = downloadTest;
			productReference = F687FD3918D3531900390D5A /* downloadTest */;
			productType = "com.apple.product-type.tool";
		};
/* End PBXNativeTarget section */

/* Begin PBXProject section */
		F646A51418D0266200414A27 /* Project object */ = {
			isa = PBXProject;
			attributes = {
				LastUpgradeCheck = 0500;
				ORGANIZATIONNAME = "David Wade Hagar";
			};
			buildConfigurationList = F646A51718D0266200414A27 /* Build configuration list for PBXProject "downloadCM" */;
			compatibilityVersion = "Xcode 3.2";
			developmentRegion = English;
			hasScannedForEncodings = 0;
			knownRegions = (
				en,
			);
			mainGroup = F646A51318D0266200414A27;
			productRefGroup = F646A51D18D0266200414A27 /* Products */;
			projectDirPath = "";
			projectRoot = "";
			targets = (
				F646A51B18D0266200414A27 /* downloadCM */,
				F687FD3818D3531900390D5A /* downloadTest */,
			);
		};
/* End PBXProject section */

/* Begin PBXSourcesBuildPhase section */
		F646A51818D0266200414A27 /* Sources */ = {
			isa = PBXSourcesBuildPhase;
			buildActionMask = 2147483647;
			files = (
				F646A54318D0289000414A27 /* parseArguments.cpp in Sources */,
				F646A54118D0289000414A27 /* cmUpdate.cpp in Sources */,
				F646A54018D0289000414A27 /* argFlags.cpp in Sources */,
				F6E1D3BF18D163C300512612 /* downloadFile.cpp in Sources */,
				F646A54218D0289000414A27 /* main.cpp in Sources */,
			);
			runOnlyForDeploymentPostprocessing = 0;
		};
		F687FD3518D3531900390D5A /* Sources */ = {
			isa = PBXSourcesBuildPhase;
			buildActionMask = 2147483647;
			files = (
				F687FD4618D3567600390D5A /* downloadFile.cpp in Sources */,
				F687FD4418D3534D00390D5A /* downloadTest.cpp in Sources */,
			);
			runOnlyForDeploymentPostprocessing = 0;
		};
/* End PBXSourcesBuildPhase section */

/* Begin XCBuildConfiguration section */
		F646A52318D0266200414A27 /* Debug */ = {
			isa = XCBuildConfiguration;
			buildSettings = {
				ALWAYS_SEARCH_USER_PATHS = NO;
				CLANG_CXX_LANGUAGE_STANDARD = "gnu++0x";
				CLANG_CXX_LIBRARY = "libc++";
				CLANG_ENABLE_OBJC_ARC = YES;
				CLANG_WARN_BOOL_CONVERSION = YES;
				CLANG_WARN_CONSTANT_CONVERSION = YES;
				CLANG_WARN_DIRECT_OBJC_ISA_USAGE = YES_ERROR;
				CLANG_WARN_EMPTY_BODY = YES;
				CLANG_WARN_ENUM_CONVERSION = YES;
				CLANG_WARN_INT_CONVERSION = YES;
				CLANG_WARN_OBJC_ROOT_CLASS = YES_ERROR;
				CLANG_WARN__DUPLICATE_METHOD_MATCH = YES;
				COPY_PHASE_STRIP = NO;
				GCC_C_LANGUAGE_STANDARD = gnu99;
				GCC_DYNAMIC_NO_PIC = NO;
				GCC_ENABLE_OBJC_EXCEPTIONS = YES;
				GCC_OPTIMIZATION_LEVEL = 0;
				GCC_PREPROCESSOR_DEFINITIONS = (
					"DEBUG=1",
					"$(inherited)",
				);
				GCC_SYMBOLS_PRIVATE_EXTERN = NO;
				GCC_WARN_64_TO_32_BIT_CONVERSION = YES;
				GCC_WARN_ABOUT_RETURN_TYPE = YES_ERROR;
				GCC_WARN_UNDECLARED_SELECTOR = YES;
				GCC_WARN_UNINITIALIZED_AUTOS = YES;
				GCC_WARN_UNUSED_FUNCTION = YES;
				GCC_WARN_UNUSED_VARIABLE = YES;
				MACOSX_DEPLOYMENT_TARGET = 10.9;
				ONLY_ACTIVE_ARCH = YES;
				SDKROOT = macosx;
			};
			name = Debug;
		};
		F646A52418D0266200414A27 /* Release */ = {
			isa = XCBuildConfiguration;
			buildSettings = {
				ALWAYS_SEARCH_USER_PATHS = NO;
				CLANG_CXX_LANGUAGE_STANDARD = "gnu++0x";
				CLANG_CXX_LIBRARY = "libc++";
				CLANG_ENABLE_OBJC_ARC = YES;
				CLANG_WARN_BOOL_CONVERSION = YES;
				CLANG_WARN_CONSTANT_CONVERSION = YES;
				CLANG_WARN_DIRECT_OBJC_ISA_USAGE = YES_ERROR;
				CLANG_WARN_EMPTY_BODY = YES;
				CLANG_WARN_ENUM_CONVERSION = YES;
				CLANG_WARN_INT_CONVERSION = YES;
				CLANG_WARN_OBJC_ROOT_CLASS = YES_ERROR;
				CLANG_WARN__DUPLICATE_METHOD_MATCH = YES;
				COPY_PHASE_STRIP = YES;
				DEBUG_INFORMATION_FORMAT = "dwarf-with-dsym";
				ENABLE_NS_ASSERTIONS = NO;
				GCC_C_LANGUAGE_STANDARD = gnu99;
				GCC_ENABLE_OBJC_EXCEPTIONS = YES;
				GCC_WARN_64_TO_32_BIT_CONVERSION = YES;
				GCC_WARN_ABOUT_RETURN_TYPE = YES_ERROR;
				GCC_WARN_UNDECLARED_SELECTOR = YES;
				GCC_WARN_UNINITIALIZED_AUTOS = YES;
				GCC_WARN_UNUSED_FUNCTION = YES;
				GCC_WARN_UNUSED_VARIABLE = YES;
				MACOSX_DEPLOYMENT_TARGET = 10.9;
				SDKROOT = macosx;
			};
			name = Release;
		};
		F646A52618D0266200414A27 /* Debug */ = {
			isa = XCBuildConfiguration;
			buildSettings = {
				CURRENT_PROJECT_VERSION = v0.1;
				PRODUCT_NAME = "$(TARGET_NAME)";
				VERSIONING_SYSTEM = "";
			};
			name = Debug;
		};
		F646A52718D0266200414A27 /* Release */ = {
			isa = XCBuildConfiguration;
			buildSettings = {
				CURRENT_PROJECT_VERSION = v0.1;
				PRODUCT_NAME = "$(TARGET_NAME)";
				VERSIONING_SYSTEM = "";
			};
			name = Release;
		};
		F687FD3F18D3531900390D5A /* Debug */ = {
			isa = XCBuildConfiguration;
			buildSettings = {
				PRODUCT_NAME = "$(TARGET_NAME)";
			};
			name = Debug;
		};
		F687FD4018D3531900390D5A /* Release */ = {
			isa = XCBuildConfiguration;
			buildSettings = {
				PRODUCT_NAME = "$(TARGET_NAME)";
			};
			name = Release;
		};
/* End XCBuildConfiguration section */

/* Begin XCConfigurationList section */
		F646A51718D0266200414A27 /* Build configuration list for PBXProject "downloadCM" */ = {
			isa = XCConfigurationList;
			buildConfigurations = (
				F646A52318D0266200414A27 /* Debug */,
				F646A52418D0266200414A27 /* Release */,
			);
			defaultConfigurationIsVisible = 0;
			defaultConfigurationName = Release;
		};
		F646A52518D0266200414A27 /* Build configuration list for PBXNativeTarget "downloadCM" */ = {
			isa = XCConfigurationList;
			buildConfigurations = (
				F646A52618D0266200414A27 /* Debug */,
				F646A52718D0266200414A27 /* Release */,
			);
			defaultConfigurationIsVisible = 0;
			defaultConfigurationName = Release;
		};
		F687FD4118D3531A00390D5A /* Build configuration list for PBXNativeTarget "downloadTest" */ = {
			isa = XCConfigurationList;
			buildConfigurations = (
				F687FD3F18D3531900390D5A /* Debug */,
				F687FD4018D3531900390D5A /* Release */,
			);
			defaultConfigurationIsVisible = 0;
		};
/* End XCConfigurationList section */
	};
	rootObject = F646A51418D0266200414A27 /* Project object */;
}
